{
  "version": 4,
  "terraform_version": "1.13.1",
  "serial": 5,
  "lineage": "f1cbd9e3-41f9-badb-8d3c-01727b5d5eb7",
  "outputs": {},
  "resources": [
    {
      "mode": "managed",
      "type": "azurerm_resource_group",
      "name": "rg",
      "provider": "provider[\"registry.terraform.io/hashicorp/azurerm\"]",
      "instances": [
        {
          "schema_version": 0,
          "attributes": {
            "id": "/subscriptions/2a9db437-643e-4ecf-bb9d-87ffd7ae769d/resourceGroups/rg-tarun-terraform",
            "location": "uksouth",
            "managed_by": "",
            "name": "rg-tarun-terraform",
            "tags": null,
            "timeouts": null
          },
          "sensitive_attributes": [],
          "identity_schema_version": 0,
          "private": "eyJlMmJmYjczMC1lY2FhLTExZTYtOGY4OC0zNDM2M2JjN2M0YzAiOnsiY3JlYXRlIjo1NDAwMDAwMDAwMDAwLCJkZWxldGUiOjU0MDAwMDAwMDAwMDAsInJlYWQiOjMwMDAwMDAwMDAwMCwidXBkYXRlIjo1NDAwMDAwMDAwMDAwfX0="
        }
      ]
    }
  ],
  "check_results": null
}
